
Microsoft Visual Studio Solution File, Format Version 12.00
# Visual Studio 15
VisualStudioVersion = 15.0.28010.2036
MinimumVisualStudioVersion = 10.0.40219.1
Project("{FAE04EC0-301F-11D3-BF4B-00C04F79EFBC}") = "DocusignDemo", "DocusignDemo\DocusignDemo.csproj", "{20166FF6-1F30-4ED7-BA94-47F2A8A830FA}"
EndProject
Global
	GlobalSection(SolutionConfigurationPlatforms) = preSolution
		Debug|Any CPU = Debug|Any CPU
		Release|Any CPU = Release|Any CPU
	EndGlobalSection
	GlobalSection(ProjectConfigurationPlatforms) = postSolution
		{20166FF6-1F30-4ED7-BA94-47F2A8A830FA}.Debug|Any CPU.ActiveCfg = Debug|Any CPU
		{20166FF6-1F30-4ED7-BA94-47F2A8A830FA}.Debug|Any CPU.Build.0 = Debug|Any CPU
		{20166FF6-1F30-4ED7-BA94-47F2A8A830FA}.Release|Any CPU.ActiveCfg = Release|Any CPU
		{20166FF6-1F30-4ED7-BA94-47F2A8A830FA}.Release|Any CPU.Build.0 = Release|Any CPU
	EndGlobalSection
	GlobalSection(SolutionProperties) = preSolution
		HideSolutionNode = FALSE
	EndGlobalSection
	GlobalSection(ExtensibilityGlobals) = postSolution
		SolutionGuid = {0FE1F9E6-686C-4EF0-BD6B-032CF30304BC}
	EndGlobalSection
EndGlobal
